
Microsoft Visual Studio Solution File, Format Version 12.00
# Visual Studio Version 16
VisualStudioVersion = 16.0.33214.272
MinimumVisualStudioVersion = 10.0.40219.1
Project("{FAE04EC0-301F-11D3-BF4B-00C04F79EFBC}") = "Bookstore", "Bookstore.csproj", "{0B17FD65-A121-4097-9070-D1BBAE83CD7B}"
EndProject
Global
	GlobalSection(SolutionConfigurationPlatforms) = preSolution
		Debug|Any CPU = Debug|Any CPU
		Release|Any CPU = Release|Any CPU
	EndGlobalSection
	GlobalSection(ProjectConfigurationPlatforms) = postSolution
		{0B17FD65-A121-4097-9070-D1BBAE83CD7B}.Debug|Any CPU.ActiveCfg = Debug|Any CPU
		{0B17FD65-A121-4097-9070-D1BBAE83CD7B}.Debug|Any CPU.Build.0 = Debug|Any CPU
		{0B17FD65-A121-4097-9070-D1BBAE83CD7B}.Release|Any CPU.ActiveCfg = Release|Any CPU
		{0B17FD65-A121-4097-9070-D1BBAE83CD7B}.Release|Any CPU.Build.0 = Release|Any CPU
	EndGlobalSection
	GlobalSection(SolutionProperties) = preSolution
		HideSolutionNode = FALSE
	EndGlobalSection
	GlobalSection(ExtensibilityGlobals) = postSolution
		SolutionGuid = {C7F92D5B-97C0-41FB-BC36-2A1D16F0E51E}
	EndGlobalSection
EndGlobal
